{
  "lockfile_version": "1",
  "packages": {
    "bun@1.1.34": {
      "last_modified": "2024-11-26T10:33:56Z",
      "resolved": "github:NixOS/nixpkgs/af51545ec9a44eadf3fe3547610a5cdd882bc34e#bun",
      "source": "devbox-search",
      "version": "1.1.34",
      "systems": {
        "aarch64-darwin": {
          "outputs": [
            {
              "name": "out",
              "path": "/nix/store/0hxh6hmzkpg56l11vsnyb287jynhf5f4-bun-1.1.34",
              "default": true
            }
          ],
          "store_path": "/nix/store/0hxh6hmzkpg56l11vsnyb287jynhf5f4-bun-1.1.34"
        },
        "aarch64-linux": {
          "outputs": [
            {
              "name": "out",
              "path": "/nix/store/dyxydqn8j83z5y45bxcx2haz7kzpwsi2-bun-1.1.34",
              "default": true
            }
          ],
          "store_path": "/nix/store/dyxydqn8j83z5y45bxcx2haz7kzpwsi2-bun-1.1.34"
        },
        "x86_64-darwin": {
          "outputs": [
            {
              "name": "out",
              "path": "/nix/store/fn9h6y3v8il2yax5pm965lacxzj8pq9q-bun-1.1.34",
              "default": true
            }
          ],
          "store_path": "/nix/store/fn9h6y3v8il2yax5pm965lacxzj8pq9q-bun-1.1.34"
        },
        "x86_64-linux": {
          "outputs": [
            {
              "name": "out",
              "path": "/nix/store/mzk71frmsppga4i7sz7ca3r9wxv8slx9-bun-1.1.34",
              "default": true
            }
          ],
          "store_path": "/nix/store/mzk71frmsppga4i7sz7ca3r9wxv8slx9-bun-1.1.34"
        }
      }
    },
    "docker-compose@2.30.3": {
      "last_modified": "2024-12-03T12:40:06Z",
      "resolved": "github:NixOS/nixpkgs/566e53c2ad750c84f6d31f9ccb9d00f823165550#docker-compose",
      "source": "devbox-search",
      "version": "2.30.3",
      "systems": {
        "aarch64-darwin": {
          "outputs": [
            {
              "name": "out",
              "path": "/nix/store/cv4v65bgmypc262hnf08p1svc7chnygh-docker-compose-2.30.3",
              "default": true
            }
          ],
          "store_path": "/nix/store/cv4v65bgmypc262hnf08p1svc7chnygh-docker-compose-2.30.3"
        },
        "aarch64-linux": {
          "outputs": [
            {
              "name": "out",
              "path": "/nix/store/7hgs9452nndxy95yvi4801qhq6bs7p3w-docker-compose-2.30.3",
              "default": true
            }
          ],
          "store_path": "/nix/store/7hgs9452nndxy95yvi4801qhq6bs7p3w-docker-compose-2.30.3"
        },
        "x86_64-darwin": {
          "outputs": [
            {
              "name": "out",
              "path": "/nix/store/xmmsfzliypvdhl4h7zf12q425gcd9vbd-docker-compose-2.30.3",
              "default": true
            }
          ],
          "store_path": "/nix/store/xmmsfzliypvdhl4h7zf12q425gcd9vbd-docker-compose-2.30.3"
        },
        "x86_64-linux": {
          "outputs": [
            {
              "name": "out",
              "path": "/nix/store/z62cg42chfdl8ml1a92ynqrv5ncss506-docker-compose-2.30.3",
              "default": true
            }
          ],
          "store_path": "/nix/store/z62cg42chfdl8ml1a92ynqrv5ncss506-docker-compose-2.30.3"
        }
      }
    },
    "elixir@1.17.3": {
      "last_modified": "2024-11-30T03:39:21Z",
      "resolved": "github:NixOS/nixpkgs/4703b8d2c708e13a8cab03d865f90973536dcdf5#elixir",
      "source": "devbox-search",
      "version": "1.17.3",
      "systems": {
        "aarch64-darwin": {
          "outputs": [
            {
              "name": "out",
              "path": "/nix/store/91w79z55qsjkhnbs3a21l3h27va98mf6-elixir-1.17.3",
              "default": true
            }
          ],
          "store_path": "/nix/store/91w79z55qsjkhnbs3a21l3h27va98mf6-elixir-1.17.3"
        },
        "aarch64-linux": {
          "outputs": [
            {
              "name": "out",
              "path": "/nix/store/pz4hk0sp4zj76waaprlfdmvc4xdblz55-elixir-1.17.3",
              "default": true
            }
          ],
          "store_path": "/nix/store/pz4hk0sp4zj76waaprlfdmvc4xdblz55-elixir-1.17.3"
        },
        "x86_64-darwin": {
          "outputs": [
            {
              "name": "out",
              "path": "/nix/store/gnjg57wv71svvqw7s3rxyjc6lkps2r95-elixir-1.17.3",
              "default": true
            }
          ],
          "store_path": "/nix/store/gnjg57wv71svvqw7s3rxyjc6lkps2r95-elixir-1.17.3"
        },
        "x86_64-linux": {
          "outputs": [
            {
              "name": "out",
              "path": "/nix/store/rx7qr8bar4qldx6yg3njvm8hn84d3yyk-elixir-1.17.3",
              "default": true
            }
          ],
          "store_path": "/nix/store/rx7qr8bar4qldx6yg3njvm8hn84d3yyk-elixir-1.17.3"
        }
      }
    },
    "flyctl@0.3.40": {
      "last_modified": "2024-11-28T07:51:56Z",
      "resolved": "github:NixOS/nixpkgs/226216574ada4c3ecefcbbec41f39ce4655f78ef#flyctl",
      "source": "devbox-search",
      "version": "0.3.40",
      "systems": {
        "aarch64-darwin": {
          "outputs": [
            {
              "name": "out",
              "path": "/nix/store/qlap27w8wjh793i17xfs4cd5nhn1jws6-flyctl-0.3.40",
              "default": true
            }
          ],
          "store_path": "/nix/store/qlap27w8wjh793i17xfs4cd5nhn1jws6-flyctl-0.3.40"
        },
        "aarch64-linux": {
          "outputs": [
            {
              "name": "out",
              "path": "/nix/store/hjbf21a4ia4nvv0izgnb6x8zl8n1dbl8-flyctl-0.3.40",
              "default": true
            }
          ],
          "store_path": "/nix/store/hjbf21a4ia4nvv0izgnb6x8zl8n1dbl8-flyctl-0.3.40"
        },
        "x86_64-darwin": {
          "outputs": [
            {
              "name": "out",
              "path": "/nix/store/j31afkhfq136g7axsir6rfk8rg8n4108-flyctl-0.3.40",
              "default": true
            }
          ],
          "store_path": "/nix/store/j31afkhfq136g7axsir6rfk8rg8n4108-flyctl-0.3.40"
        },
        "x86_64-linux": {
          "outputs": [
            {
              "name": "out",
              "path": "/nix/store/vyzx59hh1j32gcdqh6y648kgfqbs9cid-flyctl-0.3.40",
              "default": true
            }
          ],
          "store_path": "/nix/store/vyzx59hh1j32gcdqh6y648kgfqbs9cid-flyctl-0.3.40"
        }
      }
    },
    "go-task@3.40.0": {
      "last_modified": "2024-11-28T07:51:56Z",
      "resolved": "github:NixOS/nixpkgs/226216574ada4c3ecefcbbec41f39ce4655f78ef#go-task",
      "source": "devbox-search",
      "version": "3.40.0",
      "systems": {
        "aarch64-darwin": {
          "outputs": [
            {
              "name": "out",
              "path": "/nix/store/ynnx5bghcar86a89026rdysvpf51b2li-go-task-3.40.0",
              "default": true
            }
          ],
          "store_path": "/nix/store/ynnx5bghcar86a89026rdysvpf51b2li-go-task-3.40.0"
        },
        "aarch64-linux": {
          "outputs": [
            {
              "name": "out",
              "path": "/nix/store/2ga7yc7nn0k01n2w3wa6fjbp0i31r6d6-go-task-3.40.0",
              "default": true
            }
          ],
          "store_path": "/nix/store/2ga7yc7nn0k01n2w3wa6fjbp0i31r6d6-go-task-3.40.0"
        },
        "x86_64-darwin": {
          "outputs": [
            {
              "name": "out",
              "path": "/nix/store/sjq23fm01iki9idphwvp27yjzv7blr69-go-task-3.40.0",
              "default": true
            }
          ],
          "store_path": "/nix/store/sjq23fm01iki9idphwvp27yjzv7blr69-go-task-3.40.0"
        },
        "x86_64-linux": {
          "outputs": [
            {
              "name": "out",
              "path": "/nix/store/x5pbyv5p0yj3fl77j4bmgcj8s7jjcjwn-go-task-3.40.0",
              "default": true
            }
          ],
          "store_path": "/nix/store/x5pbyv5p0yj3fl77j4bmgcj8s7jjcjwn-go-task-3.40.0"
        }
      }
    }
  }
}
